
Microsoft Visual Studio Solution File, Format Version 12.00
# Visual Studio Version 16
VisualStudioVersion = 16.0.33927.289
MinimumVisualStudioVersion = 10.0.40219.1
Project("{2150E333-8FDC-42A3-9474-1A3956D46DE8}") = "task0", "task0", "{32B9E337-DADA-4F89-B3ED-DB0029BA548D}"
EndProject
Project("{8BC9CEB8-8B4A-11D0-8D11-00A0C91BC942}") = "tyuiu.volodinaaa.sprint0.task0.v0", "tyuiu.volodinaaa.sprint0.task0.v0\tyuiu.volodinaaa.sprint0.task0.v0.vcxproj", "{ECDE952D-8E2A-4D63-9D03-FE9262F23FC5}"
EndProject
Project("{2150E333-8FDC-42A3-9474-1A3956D46DE8}") = "task1", "task1", "{2C5971F3-7C61-4AD5-A749-D10CDD927E66}"
EndProject
Project("{8BC9CEB8-8B4A-11D0-8D11-00A0C91BC942}") = "tyuiu.volodinaaa.sprint0.task1.v0", "tyuiu.volodinaaa.sprint0.task1.v0\tyuiu.volodinaaa.sprint0.task1.v0.vcxproj", "{9E7B4E25-91AE-4951-A7A2-A0FEC5DB12F3}"
EndProject
Project("{8BC9CEB8-8B4A-11D0-8D11-00A0C91BC942}") = "tyuiu.volodinaaa.sprint0.task2.v0", "tyuiu.volodinaaa.sprint0.task2.v0\tyuiu.volodinaaa.sprint0.task2.v0.vcxproj", "{8F5EDF6F-3E63-4D69-9351-FA61DB018275}"
EndProject
Project("{8BC9CEB8-8B4A-11D0-8D11-00A0C91BC942}") = "tyuiu.volodinaaa.sprint0.task2.v0.lib", "tyuiu.volodinaaa.sprint0.task2.v0.lib\tyuiu.volodinaaa.sprint0.task2.v0.lib.vcxproj", "{37EF22A2-6C11-4864-8412-27752AFA5A6B}"
EndProject
Project("{8BC9CEB8-8B4A-11D0-8D11-00A0C91BC942}") = "tyuiu.volodinaaa.sprint0.task2.v0.test", "tyuiu.volodinaaa.sprint0.task2.v0.test\tyuiu.volodinaaa.sprint0.task2.v0.test.vcxproj", "{A7C22D18-F4DF-42D3-9EA7-9192B5195289}"
EndProject
Project("{2150E333-8FDC-42A3-9474-1A3956D46DE8}") = "Task2", "Task2", "{E50B938A-142C-4A4D-B090-EEF9BB978D19}"
EndProject
Project("{2150E333-8FDC-42A3-9474-1A3956D46DE8}") = "Task3", "Task3", "{473F2D2F-C0FC-4219-9EA1-E4C10ED22F59}"
EndProject
Project("{8BC9CEB8-8B4A-11D0-8D11-00A0C91BC942}") = "tyuiu.volodinaaa.sprint0.task3.v0", "tyuiu.volodinaaa.sprint0.task3.v0\tyuiu.volodinaaa.sprint0.task3.v0.vcxproj", "{0EEF3BFA-AFBE-44C4-A715-0ABAD1D480D6}"
EndProject
Project("{8BC9CEB8-8B4A-11D0-8D11-00A0C91BC942}") = "tyuiu.volodinaaa.sprint0.task3.v0.lib", "tyuiu.volodinaaa.sprint0.task3.v0.lib\tyuiu.volodinaaa.sprint0.task3.v0.lib.vcxproj", "{27180EEF-B53C-474A-8CA0-047081F37B35}"
EndProject
Project("{8BC9CEB8-8B4A-11D0-8D11-00A0C91BC942}") = "tyuiu.volodinaaa.sprint0.task3.v0.test", "tyuiu.volodinaaa.sprint0.task3.v0.test\tyuiu.volodinaaa.sprint0.task3.v0.test.vcxproj", "{EF38EA79-4EAF-427B-BE05-978F7646E41E}"
EndProject
Project("{2150E333-8FDC-42A3-9474-1A3956D46DE8}") = "Task4", "Task4", "{7DF0D050-DD86-47EC-8970-F3A48D4970D2}"
EndProject
Project("{8BC9CEB8-8B4A-11D0-8D11-00A0C91BC942}") = "tyuiu.volodinaaa.sprint0.task4", "tyuiu.volodinaaa.sprint0.task4\tyuiu.volodinaaa.sprint0.task4.vcxproj", "{B830884F-222D-42F4-95D0-0CF5A9F03BFB}"
EndProject
Project("{8BC9CEB8-8B4A-11D0-8D11-00A0C91BC942}") = "tyuiu.volodinaaa.sprint0.task4.lib", "tyuiu.volodinaaa.sprint0.task4.lib\tyuiu.volodinaaa.sprint0.task4.lib.vcxproj", "{0C6D92E8-C570-4E9E-9ADF-7CAB487C0FD6}"
EndProject
Project("{8BC9CEB8-8B4A-11D0-8D11-00A0C91BC942}") = "tyuiu.volodinaaa.sprint0.task4.test", "tyuiu.volodinaaa.sprint0.task4.test\tyuiu.volodinaaa.sprint0.task4.test.vcxproj", "{2F432E5C-41BE-4A22-A914-506A43617860}"
EndProject
Project("{8BC9CEB8-8B4A-11D0-8D11-00A0C91BC942}") = "tyuiu.volodinaaa.sprint0.task4.v1", "tyuiu.volodinaaa.sprint0.task4.v1\tyuiu.volodinaaa.sprint0.task4.v1.vcxproj", "{DE00B410-D114-4716-BD69-0300DAF55997}"
EndProject
Project("{8BC9CEB8-8B4A-11D0-8D11-00A0C91BC942}") = "tyuiu.volodinaaa.sprint0.task4.v0", "tyuiu.volodinaaa.sprint0.task4.v0\tyuiu.volodinaaa.sprint0.task4.v0.vcxproj", "{331BD137-5F8E-4EC6-BD3C-8257DC87DEC7}"
EndProject
Project("{2150E333-8FDC-42A3-9474-1A3956D46DE8}") = "Task5", "Task5", "{A18C3D91-EAFC-4F1A-9018-215273D9BDA6}"
EndProject
Project("{8BC9CEB8-8B4A-11D0-8D11-00A0C91BC942}") = "tyuiu.volodinaaa.sprint0.task5.v1", "tyuiu.volodinaaa.sprint0.task5.v0\tyuiu.volodinaaa.sprint0.task5.v0.vcxproj", "{C2B3A848-2036-48BA-926E-5A3380F38162}"
EndProject
Project("{8BC9CEB8-8B4A-11D0-8D11-00A0C91BC942}") = "tyuiu.volodinaaa.sprint0.task5.lib", "tyuiu.volodinaaa.sprint0.task5.lib\tyuiu.volodinaaa.sprint0.task5.lib.vcxproj", "{5AAFB741-8058-467C-B5F4-368548E26286}"
EndProject
Project("{8BC9CEB8-8B4A-11D0-8D11-00A0C91BC942}") = "tyuiu.volodinaaa.sprint0.task5.v1.test", "tyuiu.volodinaaa.sprint0.task5.v1\tyuiu.volodinaaa.sprint0.task5.v1.vcxproj", "{80B68319-2303-42D1-9801-49BA8717EB47}"
EndProject
Project("{8BC9CEB8-8B4A-11D0-8D11-00A0C91BC942}") = "tyuiu.volodinaaa.sprint0.task5.v2.test", "tyuiu.volodinaaa.sprint0.task5.v2\tyuiu.volodinaaa.sprint0.task5.v2.vcxproj", "{016BE769-D204-44FC-84D6-761A380C0AF2}"
EndProject
Project("{8BC9CEB8-8B4A-11D0-8D11-00A0C91BC942}") = "tyuiu.volodinaaa.sprint0.task5.v2", "tyuiu.volodinaaa.sprint0.task5\tyuiu.volodinaaa.sprint0.task5.vcxproj", "{5B8D810B-7A07-421F-9C2A-12100E5F46E9}"
EndProject
Project("{8BC9CEB8-8B4A-11D0-8D11-00A0C91BC942}") = "tyuiu.volodinaaa.sprint0.task5.v3", "tyuiu.volodinaaa.sprint0.task5.v3\tyuiu.volodinaaa.sprint0.task5.v3.vcxproj", "{01C2B878-ADA3-40E2-8269-530046E40C1A}"
EndProject
Project("{8BC9CEB8-8B4A-11D0-8D11-00A0C91BC942}") = "tyuiu.volodinaaa.sprint0.task5.v3.test", "tyuiu.volodinaaa.sprint0.task5.v3.test\tyuiu.volodinaaa.sprint0.task5.v3.test.vcxproj", "{03B9AB3C-5FFA-41FA-A637-A3E7DA341FE0}"
EndProject
Project("{2150E333-8FDC-42A3-9474-1A3956D46DE8}") = "Task6", "Task6", "{937B1B61-32D8-4D61-8CF3-1D8621D978FE}"
EndProject
Project("{8BC9CEB8-8B4A-11D0-8D11-00A0C91BC942}") = "tyuiu.volodinaaa.sprint0.task6.lib", "tyuiu.volodinaaa.sprint0.task6.lib\tyuiu.volodinaaa.sprint0.task6.lib.vcxproj", "{EC2CE669-3197-4264-86C5-48DE23A3F907}"
EndProject
Project("{8BC9CEB8-8B4A-11D0-8D11-00A0C91BC942}") = "tyuiu.volodinaaa.sprint0.task6.test", "tyuiu.volodinaaa.sprint0.task6.test\tyuiu.volodinaaa.sprint0.task6.test.vcxproj", "{9CCB9B6D-81CA-4ED0-8369-B39202F40B8D}"
EndProject
Project("{8BC9CEB8-8B4A-11D0-8D11-00A0C91BC942}") = "tyuiu.volodinaaa.sprint0.task6", "tyuiu.volodinaaa.sprint0.task6\tyuiu.volodinaaa.sprint0.task6.vcxproj", "{842DE293-5F7A-4FFA-BC39-5D954126BFB6}"
EndProject
Project("{8BC9CEB8-8B4A-11D0-8D11-00A0C91BC942}") = "tyuiu.volodinaaa.sprint0.task6.v2", "tyuiu.volodinaaa.sprint0.task6.v2\tyuiu.volodinaaa.sprint0.task6.v2.vcxproj", "{CFB87516-249B-402F-83CE-2F78F12A6DB1}"
EndProject
Project("{8BC9CEB8-8B4A-11D0-8D11-00A0C91BC942}") = "tyuiu.volodinaaa.sprint0.task6.v2.test", "tyuiu.volodinaaa.sprint0.task6.v2.test\tyuiu.volodinaaa.sprint0.task6.v2.test.vcxproj", "{A2298CC3-7397-48C4-8B42-36EA887E07C4}"
EndProject
Project("{2150E333-8FDC-42A3-9474-1A3956D46DE8}") = "Task7", "Task7", "{1F4A9C56-573B-41E0-A650-7AC31474C9D9}"
EndProject
Project("{8BC9CEB8-8B4A-11D0-8D11-00A0C91BC942}") = "tyuiu.volodinaaa.sprint0.task7.lib", "tyuiu.volodinaaa.sprint0.task7.lib\tyuiu.volodinaaa.sprint0.task7.lib.vcxproj", "{28A9661A-A256-448C-A7BE-B78F596A9496}"
EndProject
Project("{8BC9CEB8-8B4A-11D0-8D11-00A0C91BC942}") = "tyuiu.volodinaaa.sprint0.task7.test", "tyuiu.volodinaaa.sprint0.task7.test\tyuiu.volodinaaa.sprint0.task7.test.vcxproj", "{5D64A06B-A1FF-4CF9-BBDC-BBB6701C7BD3}"
EndProject
Project("{8BC9CEB8-8B4A-11D0-8D11-00A0C91BC942}") = "tyuiu.volodinaaa.sprint0.task7", "tyuiu.volodinaaa.sprint0.task7\tyuiu.volodinaaa.sprint0.task7.vcxproj", "{141CF40A-C8E6-499A-B9C5-6305CF3D673A}"
EndProject
Global
	GlobalSection(SolutionConfigurationPlatforms) = preSolution
		Debug|x64 = Debug|x64
		Debug|x86 = Debug|x86
		Release|x64 = Release|x64
		Release|x86 = Release|x86
	EndGlobalSection
	GlobalSection(ProjectConfigurationPlatforms) = postSolution
		{ECDE952D-8E2A-4D63-9D03-FE9262F23FC5}.Debug|x64.ActiveCfg = Debug|x64
		{ECDE952D-8E2A-4D63-9D03-FE9262F23FC5}.Debug|x64.Build.0 = Debug|x64
		{ECDE952D-8E2A-4D63-9D03-FE9262F23FC5}.Debug|x86.ActiveCfg = Debug|Win32
		{ECDE952D-8E2A-4D63-9D03-FE9262F23FC5}.Debug|x86.Build.0 = Debug|Win32
		{ECDE952D-8E2A-4D63-9D03-FE9262F23FC5}.Release|x64.ActiveCfg = Release|x64
		{ECDE952D-8E2A-4D63-9D03-FE9262F23FC5}.Release|x64.Build.0 = Release|x64
		{ECDE952D-8E2A-4D63-9D03-FE9262F23FC5}.Release|x86.ActiveCfg = Release|Win32
		{ECDE952D-8E2A-4D63-9D03-FE9262F23FC5}.Release|x86.Build.0 = Release|Win32
		{9E7B4E25-91AE-4951-A7A2-A0FEC5DB12F3}.Debug|x64.ActiveCfg = Debug|x64
		{9E7B4E25-91AE-4951-A7A2-A0FEC5DB12F3}.Debug|x64.Build.0 = Debug|x64
		{9E7B4E25-91AE-4951-A7A2-A0FEC5DB12F3}.Debug|x86.ActiveCfg = Debug|Win32
		{9E7B4E25-91AE-4951-A7A2-A0FEC5DB12F3}.Debug|x86.Build.0 = Debug|Win32
		{9E7B4E25-91AE-4951-A7A2-A0FEC5DB12F3}.Release|x64.ActiveCfg = Release|x64
		{9E7B4E25-91AE-4951-A7A2-A0FEC5DB12F3}.Release|x64.Build.0 = Release|x64
		{9E7B4E25-91AE-4951-A7A2-A0FEC5DB12F3}.Release|x86.ActiveCfg = Release|Win32
		{9E7B4E25-91AE-4951-A7A2-A0FEC5DB12F3}.Release|x86.Build.0 = Release|Win32
		{8F5EDF6F-3E63-4D69-9351-FA61DB018275}.Debug|x64.ActiveCfg = Debug|x64
		{8F5EDF6F-3E63-4D69-9351-FA61DB018275}.Debug|x64.Build.0 = Debug|x64
		{8F5EDF6F-3E63-4D69-9351-FA61DB018275}.Debug|x86.ActiveCfg = Debug|Win32
		{8F5EDF6F-3E63-4D69-9351-FA61DB018275}.Debug|x86.Build.0 = Debug|Win32
		{8F5EDF6F-3E63-4D69-9351-FA61DB018275}.Release|x64.ActiveCfg = Release|x64
		{8F5EDF6F-3E63-4D69-9351-FA61DB018275}.Release|x64.Build.0 = Release|x64
		{8F5EDF6F-3E63-4D69-9351-FA61DB018275}.Release|x86.ActiveCfg = Release|Win32
		{8F5EDF6F-3E63-4D69-9351-FA61DB018275}.Release|x86.Build.0 = Release|Win32
		{37EF22A2-6C11-4864-8412-27752AFA5A6B}.Debug|x64.ActiveCfg = Debug|x64
		{37EF22A2-6C11-4864-8412-27752AFA5A6B}.Debug|x64.Build.0 = Debug|x64
		{37EF22A2-6C11-4864-8412-27752AFA5A6B}.Debug|x86.ActiveCfg = Debug|Win32
		{37EF22A2-6C11-4864-8412-27752AFA5A6B}.Debug|x86.Build.0 = Debug|Win32
		{37EF22A2-6C11-4864-8412-27752AFA5A6B}.Release|x64.ActiveCfg = Release|x64
		{37EF22A2-6C11-4864-8412-27752AFA5A6B}.Release|x64.Build.0 = Release|x64
		{37EF22A2-6C11-4864-8412-27752AFA5A6B}.Release|x86.ActiveCfg = Release|Win32
		{37EF22A2-6C11-4864-8412-27752AFA5A6B}.Release|x86.Build.0 = Release|Win32
		{A7C22D18-F4DF-42D3-9EA7-9192B5195289}.Debug|x64.ActiveCfg = Debug|x64
		{A7C22D18-F4DF-42D3-9EA7-9192B5195289}.Debug|x64.Build.0 = Debug|x64
		{A7C22D18-F4DF-42D3-9EA7-9192B5195289}.Debug|x86.ActiveCfg = Debug|Win32
		{A7C22D18-F4DF-42D3-9EA7-9192B5195289}.Debug|x86.Build.0 = Debug|Win32
		{A7C22D18-F4DF-42D3-9EA7-9192B5195289}.Release|x64.ActiveCfg = Release|x64
		{A7C22D18-F4DF-42D3-9EA7-9192B5195289}.Release|x64.Build.0 = Release|x64
		{A7C22D18-F4DF-42D3-9EA7-9192B5195289}.Release|x86.ActiveCfg = Release|Win32
		{A7C22D18-F4DF-42D3-9EA7-9192B5195289}.Release|x86.Build.0 = Release|Win32
		{0EEF3BFA-AFBE-44C4-A715-0ABAD1D480D6}.Debug|x64.ActiveCfg = Debug|x64
		{0EEF3BFA-AFBE-44C4-A715-0ABAD1D480D6}.Debug|x64.Build.0 = Debug|x64
		{0EEF3BFA-AFBE-44C4-A715-0ABAD1D480D6}.Debug|x86.ActiveCfg = Debug|Win32
		{0EEF3BFA-AFBE-44C4-A715-0ABAD1D480D6}.Debug|x86.Build.0 = Debug|Win32
		{0EEF3BFA-AFBE-44C4-A715-0ABAD1D480D6}.Release|x64.ActiveCfg = Release|x64
		{0EEF3BFA-AFBE-44C4-A715-0ABAD1D480D6}.Release|x64.Build.0 = Release|x64
		{0EEF3BFA-AFBE-44C4-A715-0ABAD1D480D6}.Release|x86.ActiveCfg = Release|Win32
		{0EEF3BFA-AFBE-44C4-A715-0ABAD1D480D6}.Release|x86.Build.0 = Release|Win32
		{27180EEF-B53C-474A-8CA0-047081F37B35}.Debug|x64.ActiveCfg = Debug|x64
		{27180EEF-B53C-474A-8CA0-047081F37B35}.Debug|x64.Build.0 = Debug|x64
		{27180EEF-B53C-474A-8CA0-047081F37B35}.Debug|x86.ActiveCfg = Debug|Win32
		{27180EEF-B53C-474A-8CA0-047081F37B35}.Debug|x86.Build.0 = Debug|Win32
		{27180EEF-B53C-474A-8CA0-047081F37B35}.Release|x64.ActiveCfg = Release|x64
		{27180EEF-B53C-474A-8CA0-047081F37B35}.Release|x64.Build.0 = Release|x64
		{27180EEF-B53C-474A-8CA0-047081F37B35}.Release|x86.ActiveCfg = Release|Win32
		{27180EEF-B53C-474A-8CA0-047081F37B35}.Release|x86.Build.0 = Release|Win32
		{EF38EA79-4EAF-427B-BE05-978F7646E41E}.Debug|x64.ActiveCfg = Debug|x64
		{EF38EA79-4EAF-427B-BE05-978F7646E41E}.Debug|x64.Build.0 = Debug|x64
		{EF38EA79-4EAF-427B-BE05-978F7646E41E}.Debug|x86.ActiveCfg = Debug|Win32
		{EF38EA79-4EAF-427B-BE05-978F7646E41E}.Debug|x86.Build.0 = Debug|Win32
		{EF38EA79-4EAF-427B-BE05-978F7646E41E}.Release|x64.ActiveCfg = Release|x64
		{EF38EA79-4EAF-427B-BE05-978F7646E41E}.Release|x64.Build.0 = Release|x64
		{EF38EA79-4EAF-427B-BE05-978F7646E41E}.Release|x86.ActiveCfg = Release|Win32
		{EF38EA79-4EAF-427B-BE05-978F7646E41E}.Release|x86.Build.0 = Release|Win32
		{B830884F-222D-42F4-95D0-0CF5A9F03BFB}.Debug|x64.ActiveCfg = Debug|x64
		{B830884F-222D-42F4-95D0-0CF5A9F03BFB}.Debug|x64.Build.0 = Debug|x64
		{B830884F-222D-42F4-95D0-0CF5A9F03BFB}.Debug|x86.ActiveCfg = Debug|Win32
		{B830884F-222D-42F4-95D0-0CF5A9F03BFB}.Debug|x86.Build.0 = Debug|Win32
		{B830884F-222D-42F4-95D0-0CF5A9F03BFB}.Release|x64.ActiveCfg = Release|x64
		{B830884F-222D-42F4-95D0-0CF5A9F03BFB}.Release|x64.Build.0 = Release|x64
		{B830884F-222D-42F4-95D0-0CF5A9F03BFB}.Release|x86.ActiveCfg = Release|Win32
		{B830884F-222D-42F4-95D0-0CF5A9F03BFB}.Release|x86.Build.0 = Release|Win32
		{0C6D92E8-C570-4E9E-9ADF-7CAB487C0FD6}.Debug|x64.ActiveCfg = Debug|x64
		{0C6D92E8-C570-4E9E-9ADF-7CAB487C0FD6}.Debug|x64.Build.0 = Debug|x64
		{0C6D92E8-C570-4E9E-9ADF-7CAB487C0FD6}.Debug|x86.ActiveCfg = Debug|Win32
		{0C6D92E8-C570-4E9E-9ADF-7CAB487C0FD6}.Debug|x86.Build.0 = Debug|Win32
		{0C6D92E8-C570-4E9E-9ADF-7CAB487C0FD6}.Release|x64.ActiveCfg = Release|x64
		{0C6D92E8-C570-4E9E-9ADF-7CAB487C0FD6}.Release|x64.Build.0 = Release|x64
		{0C6D92E8-C570-4E9E-9ADF-7CAB487C0FD6}.Release|x86.ActiveCfg = Release|Win32
		{0C6D92E8-C570-4E9E-9ADF-7CAB487C0FD6}.Release|x86.Build.0 = Release|Win32
		{2F432E5C-41BE-4A22-A914-506A43617860}.Debug|x64.ActiveCfg = Debug|x64
		{2F432E5C-41BE-4A22-A914-506A43617860}.Debug|x64.Build.0 = Debug|x64
		{2F432E5C-41BE-4A22-A914-506A43617860}.Debug|x86.ActiveCfg = Debug|Win32
		{2F432E5C-41BE-4A22-A914-506A43617860}.Debug|x86.Build.0 = Debug|Win32
		{2F432E5C-41BE-4A22-A914-506A43617860}.Release|x64.ActiveCfg = Release|x64
		{2F432E5C-41BE-4A22-A914-506A43617860}.Release|x64.Build.0 = Release|x64
		{2F432E5C-41BE-4A22-A914-506A43617860}.Release|x86.ActiveCfg = Release|Win32
		{2F432E5C-41BE-4A22-A914-506A43617860}.Release|x86.Build.0 = Release|Win32
		{DE00B410-D114-4716-BD69-0300DAF55997}.Debug|x64.ActiveCfg = Debug|x64
		{DE00B410-D114-4716-BD69-0300DAF55997}.Debug|x64.Build.0 = Debug|x64
		{DE00B410-D114-4716-BD69-0300DAF55997}.Debug|x86.ActiveCfg = Debug|Win32
		{DE00B410-D114-4716-BD69-0300DAF55997}.Debug|x86.Build.0 = Debug|Win32
		{DE00B410-D114-4716-BD69-0300DAF55997}.Release|x64.ActiveCfg = Release|x64
		{DE00B410-D114-4716-BD69-0300DAF55997}.Release|x64.Build.0 = Release|x64
		{DE00B410-D114-4716-BD69-0300DAF55997}.Release|x86.ActiveCfg = Release|Win32
		{DE00B410-D114-4716-BD69-0300DAF55997}.Release|x86.Build.0 = Release|Win32
		{331BD137-5F8E-4EC6-BD3C-8257DC87DEC7}.Debug|x64.ActiveCfg = Debug|x64
		{331BD137-5F8E-4EC6-BD3C-8257DC87DEC7}.Debug|x64.Build.0 = Debug|x64
		{331BD137-5F8E-4EC6-BD3C-8257DC87DEC7}.Debug|x86.ActiveCfg = Debug|Win32
		{331BD137-5F8E-4EC6-BD3C-8257DC87DEC7}.Debug|x86.Build.0 = Debug|Win32
		{331BD137-5F8E-4EC6-BD3C-8257DC87DEC7}.Release|x64.ActiveCfg = Release|x64
		{331BD137-5F8E-4EC6-BD3C-8257DC87DEC7}.Release|x64.Build.0 = Release|x64
		{331BD137-5F8E-4EC6-BD3C-8257DC87DEC7}.Release|x86.ActiveCfg = Release|Win32
		{331BD137-5F8E-4EC6-BD3C-8257DC87DEC7}.Release|x86.Build.0 = Release|Win32
		{C2B3A848-2036-48BA-926E-5A3380F38162}.Debug|x64.ActiveCfg = Debug|x64
		{C2B3A848-2036-48BA-926E-5A3380F38162}.Debug|x64.Build.0 = Debug|x64
		{C2B3A848-2036-48BA-926E-5A3380F38162}.Debug|x86.ActiveCfg = Debug|Win32
		{C2B3A848-2036-48BA-926E-5A3380F38162}.Debug|x86.Build.0 = Debug|Win32
		{C2B3A848-2036-48BA-926E-5A3380F38162}.Release|x64.ActiveCfg = Release|x64
		{C2B3A848-2036-48BA-926E-5A3380F38162}.Release|x64.Build.0 = Release|x64
		{C2B3A848-2036-48BA-926E-5A3380F38162}.Release|x86.ActiveCfg = Release|Win32
		{C2B3A848-2036-48BA-926E-5A3380F38162}.Release|x86.Build.0 = Release|Win32
		{5AAFB741-8058-467C-B5F4-368548E26286}.Debug|x64.ActiveCfg = Debug|x64
		{5AAFB741-8058-467C-B5F4-368548E26286}.Debug|x64.Build.0 = Debug|x64
		{5AAFB741-8058-467C-B5F4-368548E26286}.Debug|x86.ActiveCfg = Debug|Win32
		{5AAFB741-8058-467C-B5F4-368548E26286}.Debug|x86.Build.0 = Debug|Win32
		{5AAFB741-8058-467C-B5F4-368548E26286}.Release|x64.ActiveCfg = Release|x64
		{5AAFB741-8058-467C-B5F4-368548E26286}.Release|x64.Build.0 = Release|x64
		{5AAFB741-8058-467C-B5F4-368548E26286}.Release|x86.ActiveCfg = Release|Win32
		{5AAFB741-8058-467C-B5F4-368548E26286}.Release|x86.Build.0 = Release|Win32
		{80B68319-2303-42D1-9801-49BA8717EB47}.Debug|x64.ActiveCfg = Debug|x64
		{80B68319-2303-42D1-9801-49BA8717EB47}.Debug|x64.Build.0 = Debug|x64
		{80B68319-2303-42D1-9801-49BA8717EB47}.Debug|x86.ActiveCfg = Debug|Win32
		{80B68319-2303-42D1-9801-49BA8717EB47}.Debug|x86.Build.0 = Debug|Win32
		{80B68319-2303-42D1-9801-49BA8717EB47}.Release|x64.ActiveCfg = Release|x64
		{80B68319-2303-42D1-9801-49BA8717EB47}.Release|x64.Build.0 = Release|x64
		{80B68319-2303-42D1-9801-49BA8717EB47}.Release|x86.ActiveCfg = Release|Win32
		{80B68319-2303-42D1-9801-49BA8717EB47}.Release|x86.Build.0 = Release|Win32
		{016BE769-D204-44FC-84D6-761A380C0AF2}.Debug|x64.ActiveCfg = Debug|x64
		{016BE769-D204-44FC-84D6-761A380C0AF2}.Debug|x64.Build.0 = Debug|x64
		{016BE769-D204-44FC-84D6-761A380C0AF2}.Debug|x86.ActiveCfg = Debug|Win32
		{016BE769-D204-44FC-84D6-761A380C0AF2}.Debug|x86.Build.0 = Debug|Win32
		{016BE769-D204-44FC-84D6-761A380C0AF2}.Release|x64.ActiveCfg = Release|x64
		{016BE769-D204-44FC-84D6-761A380C0AF2}.Release|x64.Build.0 = Release|x64
		{016BE769-D204-44FC-84D6-761A380C0AF2}.Release|x86.ActiveCfg = Release|Win32
		{016BE769-D204-44FC-84D6-761A380C0AF2}.Release|x86.Build.0 = Release|Win32
		{5B8D810B-7A07-421F-9C2A-12100E5F46E9}.Debug|x64.ActiveCfg = Debug|x64
		{5B8D810B-7A07-421F-9C2A-12100E5F46E9}.Debug|x64.Build.0 = Debug|x64
		{5B8D810B-7A07-421F-9C2A-12100E5F46E9}.Debug|x86.ActiveCfg = Debug|Win32
		{5B8D810B-7A07-421F-9C2A-12100E5F46E9}.Debug|x86.Build.0 = Debug|Win32
		{5B8D810B-7A07-421F-9C2A-12100E5F46E9}.Release|x64.ActiveCfg = Release|x64
		{5B8D810B-7A07-421F-9C2A-12100E5F46E9}.Release|x64.Build.0 = Release|x64
		{5B8D810B-7A07-421F-9C2A-12100E5F46E9}.Release|x86.ActiveCfg = Release|Win32
		{5B8D810B-7A07-421F-9C2A-12100E5F46E9}.Release|x86.Build.0 = Release|Win32
		{01C2B878-ADA3-40E2-8269-530046E40C1A}.Debug|x64.ActiveCfg = Debug|x64
		{01C2B878-ADA3-40E2-8269-530046E40C1A}.Debug|x64.Build.0 = Debug|x64
		{01C2B878-ADA3-40E2-8269-530046E40C1A}.Debug|x86.ActiveCfg = Debug|Win32
		{01C2B878-ADA3-40E2-8269-530046E40C1A}.Debug|x86.Build.0 = Debug|Win32
		{01C2B878-ADA3-40E2-8269-530046E40C1A}.Release|x64.ActiveCfg = Release|x64
		{01C2B878-ADA3-40E2-8269-530046E40C1A}.Release|x64.Build.0 = Release|x64
		{01C2B878-ADA3-40E2-8269-530046E40C1A}.Release|x86.ActiveCfg = Release|Win32
		{01C2B878-ADA3-40E2-8269-530046E40C1A}.Release|x86.Build.0 = Release|Win32
		{03B9AB3C-5FFA-41FA-A637-A3E7DA341FE0}.Debug|x64.ActiveCfg = Debug|x64
		{03B9AB3C-5FFA-41FA-A637-A3E7DA341FE0}.Debug|x64.Build.0 = Debug|x64
		{03B9AB3C-5FFA-41FA-A637-A3E7DA341FE0}.Debug|x86.ActiveCfg = Debug|Win32
		{03B9AB3C-5FFA-41FA-A637-A3E7DA341FE0}.Debug|x86.Build.0 = Debug|Win32
		{03B9AB3C-5FFA-41FA-A637-A3E7DA341FE0}.Release|x64.ActiveCfg = Release|x64
		{03B9AB3C-5FFA-41FA-A637-A3E7DA341FE0}.Release|x64.Build.0 = Release|x64
		{03B9AB3C-5FFA-41FA-A637-A3E7DA341FE0}.Release|x86.ActiveCfg = Release|Win32
		{03B9AB3C-5FFA-41FA-A637-A3E7DA341FE0}.Release|x86.Build.0 = Release|Win32
		{EC2CE669-3197-4264-86C5-48DE23A3F907}.Debug|x64.ActiveCfg = Debug|x64
		{EC2CE669-3197-4264-86C5-48DE23A3F907}.Debug|x64.Build.0 = Debug|x64
		{EC2CE669-3197-4264-86C5-48DE23A3F907}.Debug|x86.ActiveCfg = Debug|Win32
		{EC2CE669-3197-4264-86C5-48DE23A3F907}.Debug|x86.Build.0 = Debug|Win32
		{EC2CE669-3197-4264-86C5-48DE23A3F907}.Release|x64.ActiveCfg = Release|x64
		{EC2CE669-3197-4264-86C5-48DE23A3F907}.Release|x64.Build.0 = Release|x64
		{EC2CE669-3197-4264-86C5-48DE23A3F907}.Release|x86.ActiveCfg = Release|Win32
		{EC2CE669-3197-4264-86C5-48DE23A3F907}.Release|x86.Build.0 = Release|Win32
		{9CCB9B6D-81CA-4ED0-8369-B39202F40B8D}.Debug|x64.ActiveCfg = Debug|x64
		{9CCB9B6D-81CA-4ED0-8369-B39202F40B8D}.Debug|x64.Build.0 = Debug|x64
		{9CCB9B6D-81CA-4ED0-8369-B39202F40B8D}.Debug|x86.ActiveCfg = Debug|Win32
		{9CCB9B6D-81CA-4ED0-8369-B39202F40B8D}.Debug|x86.Build.0 = Debug|Win32
		{9CCB9B6D-81CA-4ED0-8369-B39202F40B8D}.Release|x64.ActiveCfg = Release|x64
		{9CCB9B6D-81CA-4ED0-8369-B39202F40B8D}.Release|x64.Build.0 = Release|x64
		{9CCB9B6D-81CA-4ED0-8369-B39202F40B8D}.Release|x86.ActiveCfg = Release|Win32
		{9CCB9B6D-81CA-4ED0-8369-B39202F40B8D}.Release|x86.Build.0 = Release|Win32
		{842DE293-5F7A-4FFA-BC39-5D954126BFB6}.Debug|x64.ActiveCfg = Debug|x64
		{842DE293-5F7A-4FFA-BC39-5D954126BFB6}.Debug|x64.Build.0 = Debug|x64
		{842DE293-5F7A-4FFA-BC39-5D954126BFB6}.Debug|x86.ActiveCfg = Debug|Win32
		{842DE293-5F7A-4FFA-BC39-5D954126BFB6}.Debug|x86.Build.0 = Debug|Win32
		{842DE293-5F7A-4FFA-BC39-5D954126BFB6}.Release|x64.ActiveCfg = Release|x64
		{842DE293-5F7A-4FFA-BC39-5D954126BFB6}.Release|x64.Build.0 = Release|x64
		{842DE293-5F7A-4FFA-BC39-5D954126BFB6}.Release|x86.ActiveCfg = Release|Win32
		{842DE293-5F7A-4FFA-BC39-5D954126BFB6}.Release|x86.Build.0 = Release|Win32
		{CFB87516-249B-402F-83CE-2F78F12A6DB1}.Debug|x64.ActiveCfg = Debug|x64
		{CFB87516-249B-402F-83CE-2F78F12A6DB1}.Debug|x64.Build.0 = Debug|x64
		{CFB87516-249B-402F-83CE-2F78F12A6DB1}.Debug|x86.ActiveCfg = Debug|Win32
		{CFB87516-249B-402F-83CE-2F78F12A6DB1}.Debug|x86.Build.0 = Debug|Win32
		{CFB87516-249B-402F-83CE-2F78F12A6DB1}.Release|x64.ActiveCfg = Release|x64
		{CFB87516-249B-402F-83CE-2F78F12A6DB1}.Release|x64.Build.0 = Release|x64
		{CFB87516-249B-402F-83CE-2F78F12A6DB1}.Release|x86.ActiveCfg = Release|Win32
		{CFB87516-249B-402F-83CE-2F78F12A6DB1}.Release|x86.Build.0 = Release|Win32
		{A2298CC3-7397-48C4-8B42-36EA887E07C4}.Debug|x64.ActiveCfg = Debug|x64
		{A2298CC3-7397-48C4-8B42-36EA887E07C4}.Debug|x64.Build.0 = Debug|x64
		{A2298CC3-7397-48C4-8B42-36EA887E07C4}.Debug|x86.ActiveCfg = Debug|Win32
		{A2298CC3-7397-48C4-8B42-36EA887E07C4}.Debug|x86.Build.0 = Debug|Win32
		{A2298CC3-7397-48C4-8B42-36EA887E07C4}.Release|x64.ActiveCfg = Release|x64
		{A2298CC3-7397-48C4-8B42-36EA887E07C4}.Release|x64.Build.0 = Release|x64
		{A2298CC3-7397-48C4-8B42-36EA887E07C4}.Release|x86.ActiveCfg = Release|Win32
		{A2298CC3-7397-48C4-8B42-36EA887E07C4}.Release|x86.Build.0 = Release|Win32
		{28A9661A-A256-448C-A7BE-B78F596A9496}.Debug|x64.ActiveCfg = Debug|x64
		{28A9661A-A256-448C-A7BE-B78F596A9496}.Debug|x64.Build.0 = Debug|x64
		{28A9661A-A256-448C-A7BE-B78F596A9496}.Debug|x86.ActiveCfg = Debug|Win32
		{28A9661A-A256-448C-A7BE-B78F596A9496}.Debug|x86.Build.0 = Debug|Win32
		{28A9661A-A256-448C-A7BE-B78F596A9496}.Release|x64.ActiveCfg = Release|x64
		{28A9661A-A256-448C-A7BE-B78F596A9496}.Release|x64.Build.0 = Release|x64
		{28A9661A-A256-448C-A7BE-B78F596A9496}.Release|x86.ActiveCfg = Release|Win32
		{28A9661A-A256-448C-A7BE-B78F596A9496}.Release|x86.Build.0 = Release|Win32
		{5D64A06B-A1FF-4CF9-BBDC-BBB6701C7BD3}.Debug|x64.ActiveCfg = Debug|x64
		{5D64A06B-A1FF-4CF9-BBDC-BBB6701C7BD3}.Debug|x64.Build.0 = Debug|x64
		{5D64A06B-A1FF-4CF9-BBDC-BBB6701C7BD3}.Debug|x86.ActiveCfg = Debug|Win32
		{5D64A06B-A1FF-4CF9-BBDC-BBB6701C7BD3}.Debug|x86.Build.0 = Debug|Win32
		{5D64A06B-A1FF-4CF9-BBDC-BBB6701C7BD3}.Release|x64.ActiveCfg = Release|x64
		{5D64A06B-A1FF-4CF9-BBDC-BBB6701C7BD3}.Release|x64.Build.0 = Release|x64
		{5D64A06B-A1FF-4CF9-BBDC-BBB6701C7BD3}.Release|x86.ActiveCfg = Release|Win32
		{5D64A06B-A1FF-4CF9-BBDC-BBB6701C7BD3}.Release|x86.Build.0 = Release|Win32
		{141CF40A-C8E6-499A-B9C5-6305CF3D673A}.Debug|x64.ActiveCfg = Debug|x64
		{141CF40A-C8E6-499A-B9C5-6305CF3D673A}.Debug|x64.Build.0 = Debug|x64
		{141CF40A-C8E6-499A-B9C5-6305CF3D673A}.Debug|x86.ActiveCfg = Debug|Win32
		{141CF40A-C8E6-499A-B9C5-6305CF3D673A}.Debug|x86.Build.0 = Debug|Win32
		{141CF40A-C8E6-499A-B9C5-6305CF3D673A}.Release|x64.ActiveCfg = Release|x64
		{141CF40A-C8E6-499A-B9C5-6305CF3D673A}.Release|x64.Build.0 = Release|x64
		{141CF40A-C8E6-499A-B9C5-6305CF3D673A}.Release|x86.ActiveCfg = Release|Win32
		{141CF40A-C8E6-499A-B9C5-6305CF3D673A}.Release|x86.Build.0 = Release|Win32
	EndGlobalSection
	GlobalSection(SolutionProperties) = preSolution
		HideSolutionNode = FALSE
	EndGlobalSection
	GlobalSection(NestedProjects) = preSolution
		{ECDE952D-8E2A-4D63-9D03-FE9262F23FC5} = {32B9E337-DADA-4F89-B3ED-DB0029BA548D}
		{9E7B4E25-91AE-4951-A7A2-A0FEC5DB12F3} = {2C5971F3-7C61-4AD5-A749-D10CDD927E66}
		{8F5EDF6F-3E63-4D69-9351-FA61DB018275} = {E50B938A-142C-4A4D-B090-EEF9BB978D19}
		{37EF22A2-6C11-4864-8412-27752AFA5A6B} = {E50B938A-142C-4A4D-B090-EEF9BB978D19}
		{A7C22D18-F4DF-42D3-9EA7-9192B5195289} = {E50B938A-142C-4A4D-B090-EEF9BB978D19}
		{0EEF3BFA-AFBE-44C4-A715-0ABAD1D480D6} = {473F2D2F-C0FC-4219-9EA1-E4C10ED22F59}
		{27180EEF-B53C-474A-8CA0-047081F37B35} = {473F2D2F-C0FC-4219-9EA1-E4C10ED22F59}
		{EF38EA79-4EAF-427B-BE05-978F7646E41E} = {473F2D2F-C0FC-4219-9EA1-E4C10ED22F59}
		{B830884F-222D-42F4-95D0-0CF5A9F03BFB} = {7DF0D050-DD86-47EC-8970-F3A48D4970D2}
		{0C6D92E8-C570-4E9E-9ADF-7CAB487C0FD6} = {7DF0D050-DD86-47EC-8970-F3A48D4970D2}
		{2F432E5C-41BE-4A22-A914-506A43617860} = {7DF0D050-DD86-47EC-8970-F3A48D4970D2}
		{DE00B410-D114-4716-BD69-0300DAF55997} = {7DF0D050-DD86-47EC-8970-F3A48D4970D2}
		{331BD137-5F8E-4EC6-BD3C-8257DC87DEC7} = {7DF0D050-DD86-47EC-8970-F3A48D4970D2}
		{C2B3A848-2036-48BA-926E-5A3380F38162} = {A18C3D91-EAFC-4F1A-9018-215273D9BDA6}
		{5AAFB741-8058-467C-B5F4-368548E26286} = {A18C3D91-EAFC-4F1A-9018-215273D9BDA6}
		{80B68319-2303-42D1-9801-49BA8717EB47} = {A18C3D91-EAFC-4F1A-9018-215273D9BDA6}
		{016BE769-D204-44FC-84D6-761A380C0AF2} = {A18C3D91-EAFC-4F1A-9018-215273D9BDA6}
		{5B8D810B-7A07-421F-9C2A-12100E5F46E9} = {A18C3D91-EAFC-4F1A-9018-215273D9BDA6}
		{01C2B878-ADA3-40E2-8269-530046E40C1A} = {A18C3D91-EAFC-4F1A-9018-215273D9BDA6}
		{03B9AB3C-5FFA-41FA-A637-A3E7DA341FE0} = {A18C3D91-EAFC-4F1A-9018-215273D9BDA6}
		{EC2CE669-3197-4264-86C5-48DE23A3F907} = {937B1B61-32D8-4D61-8CF3-1D8621D978FE}
		{9CCB9B6D-81CA-4ED0-8369-B39202F40B8D} = {937B1B61-32D8-4D61-8CF3-1D8621D978FE}
		{842DE293-5F7A-4FFA-BC39-5D954126BFB6} = {937B1B61-32D8-4D61-8CF3-1D8621D978FE}
		{CFB87516-249B-402F-83CE-2F78F12A6DB1} = {937B1B61-32D8-4D61-8CF3-1D8621D978FE}
		{A2298CC3-7397-48C4-8B42-36EA887E07C4} = {937B1B61-32D8-4D61-8CF3-1D8621D978FE}
		{28A9661A-A256-448C-A7BE-B78F596A9496} = {1F4A9C56-573B-41E0-A650-7AC31474C9D9}
		{5D64A06B-A1FF-4CF9-BBDC-BBB6701C7BD3} = {1F4A9C56-573B-41E0-A650-7AC31474C9D9}
		{141CF40A-C8E6-499A-B9C5-6305CF3D673A} = {1F4A9C56-573B-41E0-A650-7AC31474C9D9}
	EndGlobalSection
	GlobalSection(ExtensibilityGlobals) = postSolution
		SolutionGuid = {BB3FF36E-59EC-40AC-9144-C058DDDEA3E4}
	EndGlobalSection
EndGlobal
